// !$*UTF8*$!
{
	archiveVersion = 1;
	classes = {
	};
	objectVersion = 50;
	objects = {

/* Begin PBXBuildFile section */
		2608B825257E45500052FC1F /* BinarySearchTopic.cpp in Sources */ = {isa = PBXBuildFile; fileRef = 2608B823257E45500052FC1F /* BinarySearchTopic.cpp */; };
		2608B8342587354C0052FC1F /* StringTopic.cpp in Sources */ = {isa = PBXBuildFile; fileRef = 2608B8322587354C0052FC1F /* StringTopic.cpp */; };
		262C95C52570EC72004FE6B0 /* GreedyTopic.cpp in Sources */ = {isa = PBXBuildFile; fileRef = 262C95C32570EC72004FE6B0 /* GreedyTopic.cpp */; };
		265DEB25256A4D1800DEFE55 /* ListNode.cpp in Sources */ = {isa = PBXBuildFile; fileRef = 265DEB23256A4D1800DEFE55 /* ListNode.cpp */; };
		265DEB29256A533600DEFE55 /* LinkedListTopic.cpp in Sources */ = {isa = PBXBuildFile; fileRef = 265DEB27256A533600DEFE55 /* LinkedListTopic.cpp */; };
		265DEB2C256A5D0500DEFE55 /* CommonUtil.cpp in Sources */ = {isa = PBXBuildFile; fileRef = 265DEB2A256A5D0500DEFE55 /* CommonUtil.cpp */; };
		265DEB2F256BAE3D00DEFE55 /* Node.cpp in Sources */ = {isa = PBXBuildFile; fileRef = 265DEB2D256BAE3D00DEFE55 /* Node.cpp */; };
		265DEB32256D422300DEFE55 /* StackQueueHeapTopic.cpp in Sources */ = {isa = PBXBuildFile; fileRef = 265DEB30256D422300DEFE55 /* StackQueueHeapTopic.cpp */; };
		2660A87D2568BAED001801C4 /* main.cpp in Sources */ = {isa = PBXBuildFile; fileRef = 2660A87C2568BAED001801C4 /* main.cpp */; };
		2660A88A2568CB89001801C4 /* Trie.cpp in Sources */ = {isa = PBXBuildFile; fileRef = 2660A8882568CB89001801C4 /* Trie.cpp */; };
		2660A88D25694D2A001801C4 /* TrieTopic.cpp in Sources */ = {isa = PBXBuildFile; fileRef = 2660A88B25694D2A001801C4 /* TrieTopic.cpp */; };
		269E116A25727EC2008D362B /* RecBatkDivConqTopic.cpp in Sources */ = {isa = PBXBuildFile; fileRef = 269E116825727EC2008D362B /* RecBatkDivConqTopic.cpp */; };
		269E116D257798ED008D362B /* SortTopic.cpp in Sources */ = {isa = PBXBuildFile; fileRef = 269E116B257798ED008D362B /* SortTopic.cpp */; };
		269E11702577C352008D362B /* TreeNode.cpp in Sources */ = {isa = PBXBuildFile; fileRef = 269E116E2577C352008D362B /* TreeNode.cpp */; };
		269E117325786B08008D362B /* BinaryTreeTopic.cpp in Sources */ = {isa = PBXBuildFile; fileRef = 269E117125786B08008D362B /* BinaryTreeTopic.cpp */; };
/* End PBXBuildFile section */

/* Begin PBXCopyFilesBuildPhase section */
		2660A8772568BAED001801C4 /* CopyFiles */ = {
			isa = PBXCopyFilesBuildPhase;
			buildActionMask = 2147483647;
			dstPath = /usr/share/man/man1/;
			dstSubfolderSpec = 0;
			files = (
			);
			runOnlyForDeploymentPostprocessing = 1;
		};
/* End PBXCopyFilesBuildPhase section */

/* Begin PBXFileReference section */
		2608B823257E45500052FC1F /* BinarySearchTopic.cpp */ = {isa = PBXFileReference; lastKnownFileType = sourcecode.cpp.cpp; path = BinarySearchTopic.cpp; sourceTree = "<group>"; };
		2608B824257E45500052FC1F /* BinarySearchTopic.hpp */ = {isa = PBXFileReference; lastKnownFileType = sourcecode.cpp.h; path = BinarySearchTopic.hpp; sourceTree = "<group>"; };
		2608B8322587354C0052FC1F /* StringTopic.cpp */ = {isa = PBXFileReference; lastKnownFileType = sourcecode.cpp.cpp; path = StringTopic.cpp; sourceTree = "<group>"; };
		2608B8332587354C0052FC1F /* StringTopic.hpp */ = {isa = PBXFileReference; lastKnownFileType = sourcecode.cpp.h; path = StringTopic.hpp; sourceTree = "<group>"; };
		262C95C32570EC72004FE6B0 /* GreedyTopic.cpp */ = {isa = PBXFileReference; lastKnownFileType = sourcecode.cpp.cpp; path = GreedyTopic.cpp; sourceTree = "<group>"; };
		262C95C42570EC72004FE6B0 /* GreedyTopic.hpp */ = {isa = PBXFileReference; lastKnownFileType = sourcecode.cpp.h; path = GreedyTopic.hpp; sourceTree = "<group>"; };
		265DEB23256A4D1800DEFE55 /* ListNode.cpp */ = {isa = PBXFileReference; lastKnownFileType = sourcecode.cpp.cpp; path = ListNode.cpp; sourceTree = "<group>"; };
		265DEB24256A4D1800DEFE55 /* ListNode.hpp */ = {isa = PBXFileReference; lastKnownFileType = sourcecode.cpp.h; path = ListNode.hpp; sourceTree = "<group>"; };
		265DEB26256A4D9F00DEFE55 /* PrefixHeader.pch */ = {isa = PBXFileReference; lastKnownFileType = sourcecode.c.h; path = PrefixHeader.pch; sourceTree = "<group>"; };
		265DEB27256A533600DEFE55 /* LinkedListTopic.cpp */ = {isa = PBXFileReference; lastKnownFileType = sourcecode.cpp.cpp; path = LinkedListTopic.cpp; sourceTree = "<group>"; };
		265DEB28256A533600DEFE55 /* LinkedListTopic.hpp */ = {isa = PBXFileReference; lastKnownFileType = sourcecode.cpp.h; path = LinkedListTopic.hpp; sourceTree = "<group>"; };
		265DEB2A256A5D0500DEFE55 /* CommonUtil.cpp */ = {isa = PBXFileReference; lastKnownFileType = sourcecode.cpp.cpp; path = CommonUtil.cpp; sourceTree = "<group>"; };
		265DEB2B256A5D0500DEFE55 /* CommonUtil.hpp */ = {isa = PBXFileReference; lastKnownFileType = sourcecode.cpp.h; path = CommonUtil.hpp; sourceTree = "<group>"; };
		265DEB2D256BAE3D00DEFE55 /* Node.cpp */ = {isa = PBXFileReference; lastKnownFileType = sourcecode.cpp.cpp; path = Node.cpp; sourceTree = "<group>"; };
		265DEB2E256BAE3D00DEFE55 /* Node.hpp */ = {isa = PBXFileReference; lastKnownFileType = sourcecode.cpp.h; path = Node.hpp; sourceTree = "<group>"; };
		265DEB30256D422300DEFE55 /* StackQueueHeapTopic.cpp */ = {isa = PBXFileReference; lastKnownFileType = sourcecode.cpp.cpp; path = StackQueueHeapTopic.cpp; sourceTree = "<group>"; };
		265DEB31256D422300DEFE55 /* StackQueueHeapTopic.hpp */ = {isa = PBXFileReference; lastKnownFileType = sourcecode.cpp.h; path = StackQueueHeapTopic.hpp; sourceTree = "<group>"; };
		2660A8792568BAED001801C4 /* CSAlgorithmsCpp */ = {isa = PBXFileReference; explicitFileType = "compiled.mach-o.executable"; includeInIndex = 0; path = CSAlgorithmsCpp; sourceTree = BUILT_PRODUCTS_DIR; };
		2660A87C2568BAED001801C4 /* main.cpp */ = {isa = PBXFileReference; lastKnownFileType = sourcecode.cpp.cpp; path = main.cpp; sourceTree = "<group>"; };
		2660A8882568CB89001801C4 /* Trie.cpp */ = {isa = PBXFileReference; lastKnownFileType = sourcecode.cpp.cpp; path = Trie.cpp; sourceTree = "<group>"; };
		2660A8892568CB89001801C4 /* Trie.hpp */ = {isa = PBXFileReference; lastKnownFileType = sourcecode.cpp.h; path = Trie.hpp; sourceTree = "<group>"; };
		2660A88B25694D2A001801C4 /* TrieTopic.cpp */ = {isa = PBXFileReference; lastKnownFileType = sourcecode.cpp.cpp; path = TrieTopic.cpp; sourceTree = "<group>"; };
		2660A88C25694D2A001801C4 /* TrieTopic.hpp */ = {isa = PBXFileReference; lastKnownFileType = sourcecode.cpp.h; path = TrieTopic.hpp; sourceTree = "<group>"; };
		269E116825727EC2008D362B /* RecBatkDivConqTopic.cpp */ = {isa = PBXFileReference; lastKnownFileType = sourcecode.cpp.cpp; path = RecBatkDivConqTopic.cpp; sourceTree = "<group>"; };
		269E116925727EC2008D362B /* RecBatkDivConqTopic.hpp */ = {isa = PBXFileReference; lastKnownFileType = sourcecode.cpp.h; path = RecBatkDivConqTopic.hpp; sourceTree = "<group>"; };
		269E116B257798ED008D362B /* SortTopic.cpp */ = {isa = PBXFileReference; lastKnownFileType = sourcecode.cpp.cpp; path = SortTopic.cpp; sourceTree = "<group>"; };
		269E116C257798ED008D362B /* SortTopic.hpp */ = {isa = PBXFileReference; lastKnownFileType = sourcecode.cpp.h; path = SortTopic.hpp; sourceTree = "<group>"; };
		269E116E2577C352008D362B /* TreeNode.cpp */ = {isa = PBXFileReference; lastKnownFileType = sourcecode.cpp.cpp; path = TreeNode.cpp; sourceTree = "<group>"; };
		269E116F2577C352008D362B /* TreeNode.hpp */ = {isa = PBXFileReference; lastKnownFileType = sourcecode.cpp.h; path = TreeNode.hpp; sourceTree = "<group>"; };
		269E117125786B08008D362B /* BinaryTreeTopic.cpp */ = {isa = PBXFileReference; lastKnownFileType = sourcecode.cpp.cpp; path = BinaryTreeTopic.cpp; sourceTree = "<group>"; };
		269E117225786B08008D362B /* BinaryTreeTopic.hpp */ = {isa = PBXFileReference; lastKnownFileType = sourcecode.cpp.h; path = BinaryTreeTopic.hpp; sourceTree = "<group>"; };
/* End PBXFileReference section */

/* Begin PBXFrameworksBuildPhase section */
		2660A8762568BAED001801C4 /* Frameworks */ = {
			isa = PBXFrameworksBuildPhase;
			buildActionMask = 2147483647;
			files = (
			);
			runOnlyForDeploymentPostprocessing = 0;
		};
/* End PBXFrameworksBuildPhase section */

/* Begin PBXGroup section */
		2660A8702568BAED001801C4 = {
			isa = PBXGroup;
			children = (
				2660A87B2568BAED001801C4 /* CSAlgorithmsCpp */,
				2660A87A2568BAED001801C4 /* Products */,
			);
			sourceTree = "<group>";
		};
		2660A87A2568BAED001801C4 /* Products */ = {
			isa = PBXGroup;
			children = (
				2660A8792568BAED001801C4 /* CSAlgorithmsCpp */,
			);
			name = Products;
			sourceTree = "<group>";
		};
		2660A87B2568BAED001801C4 /* CSAlgorithmsCpp */ = {
			isa = PBXGroup;
			children = (
				2660A8842568BB84001801C4 /* DataStructures */,
				2660A8832568BB7E001801C4 /* Algorithms */,
				2660A87C2568BAED001801C4 /* main.cpp */,
				265DEB26256A4D9F00DEFE55 /* PrefixHeader.pch */,
				265DEB2A256A5D0500DEFE55 /* CommonUtil.cpp */,
				265DEB2B256A5D0500DEFE55 /* CommonUtil.hpp */,
			);
			path = CSAlgorithmsCpp;
			sourceTree = "<group>";
		};
		2660A8832568BB7E001801C4 /* Algorithms */ = {
			isa = PBXGroup;
			children = (
				2660A88B25694D2A001801C4 /* TrieTopic.cpp */,
				2660A88C25694D2A001801C4 /* TrieTopic.hpp */,
				265DEB27256A533600DEFE55 /* LinkedListTopic.cpp */,
				265DEB28256A533600DEFE55 /* LinkedListTopic.hpp */,
				265DEB30256D422300DEFE55 /* StackQueueHeapTopic.cpp */,
				265DEB31256D422300DEFE55 /* StackQueueHeapTopic.hpp */,
				262C95C32570EC72004FE6B0 /* GreedyTopic.cpp */,
				262C95C42570EC72004FE6B0 /* GreedyTopic.hpp */,
				269E116825727EC2008D362B /* RecBatkDivConqTopic.cpp */,
				269E116925727EC2008D362B /* RecBatkDivConqTopic.hpp */,
				269E116B257798ED008D362B /* SortTopic.cpp */,
				269E116C257798ED008D362B /* SortTopic.hpp */,
				269E117125786B08008D362B /* BinaryTreeTopic.cpp */,
				269E117225786B08008D362B /* BinaryTreeTopic.hpp */,
				2608B823257E45500052FC1F /* BinarySearchTopic.cpp */,
				2608B824257E45500052FC1F /* BinarySearchTopic.hpp */,
				2608B8322587354C0052FC1F /* StringTopic.cpp */,
				2608B8332587354C0052FC1F /* StringTopic.hpp */,
			);
			path = Algorithms;
			sourceTree = "<group>";
		};
		2660A8842568BB84001801C4 /* DataStructures */ = {
			isa = PBXGroup;
			children = (
				2660A8882568CB89001801C4 /* Trie.cpp */,
				2660A8892568CB89001801C4 /* Trie.hpp */,
				265DEB23256A4D1800DEFE55 /* ListNode.cpp */,
				265DEB24256A4D1800DEFE55 /* ListNode.hpp */,
				265DEB2D256BAE3D00DEFE55 /* Node.cpp */,
				265DEB2E256BAE3D00DEFE55 /* Node.hpp */,
				269E116E2577C352008D362B /* TreeNode.cpp */,
				269E116F2577C352008D362B /* TreeNode.hpp */,
			);
			path = DataStructures;
			sourceTree = "<group>";
		};
/* End PBXGroup section */

/* Begin PBXNativeTarget section */
		2660A8782568BAED001801C4 /* CSAlgorithmsCpp */ = {
			isa = PBXNativeTarget;
			buildConfigurationList = 2660A8802568BAED001801C4 /* Build configuration list for PBXNativeTarget "CSAlgorithmsCpp" */;
			buildPhases = (
				2660A8752568BAED001801C4 /* Sources */,
				2660A8762568BAED001801C4 /* Frameworks */,
				2660A8772568BAED001801C4 /* CopyFiles */,
			);
			buildRules = (
			);
			dependencies = (
			);
			name = CSAlgorithmsCpp;
			productName = CSAlgorithmsCpp;
			productReference = 2660A8792568BAED001801C4 /* CSAlgorithmsCpp */;
			productType = "com.apple.product-type.tool";
		};
/* End PBXNativeTarget section */

/* Begin PBXProject section */
		2660A8712568BAED001801C4 /* Project object */ = {
			isa = PBXProject;
			attributes = {
				LastUpgradeCheck = 1160;
				ORGANIZATIONNAME = "Hui,Li";
				TargetAttributes = {
					2660A8782568BAED001801C4 = {
						CreatedOnToolsVersion = 11.6;
					};
				};
			};
			buildConfigurationList = 2660A8742568BAED001801C4 /* Build configuration list for PBXProject "CSAlgorithmsCpp" */;
			compatibilityVersion = "Xcode 9.3";
			developmentRegion = en;
			hasScannedForEncodings = 0;
			knownRegions = (
				en,
				Base,
			);
			mainGroup = 2660A8702568BAED001801C4;
			productRefGroup = 2660A87A2568BAED001801C4 /* Products */;
			projectDirPath = "";
			projectRoot = "";
			targets = (
				2660A8782568BAED001801C4 /* CSAlgorithmsCpp */,
			);
		};
/* End PBXProject section */

/* Begin PBXSourcesBuildPhase section */
		2660A8752568BAED001801C4 /* Sources */ = {
			isa = PBXSourcesBuildPhase;
			buildActionMask = 2147483647;
			files = (
				269E116D257798ED008D362B /* SortTopic.cpp in Sources */,
				265DEB32256D422300DEFE55 /* StackQueueHeapTopic.cpp in Sources */,
				2660A87D2568BAED001801C4 /* main.cpp in Sources */,
				265DEB2F256BAE3D00DEFE55 /* Node.cpp in Sources */,
				269E117325786B08008D362B /* BinaryTreeTopic.cpp in Sources */,
				269E116A25727EC2008D362B /* RecBatkDivConqTopic.cpp in Sources */,
				2660A88A2568CB89001801C4 /* Trie.cpp in Sources */,
				265DEB2C256A5D0500DEFE55 /* CommonUtil.cpp in Sources */,
				269E11702577C352008D362B /* TreeNode.cpp in Sources */,
				2660A88D25694D2A001801C4 /* TrieTopic.cpp in Sources */,
				265DEB29256A533600DEFE55 /* LinkedListTopic.cpp in Sources */,
				262C95C52570EC72004FE6B0 /* GreedyTopic.cpp in Sources */,
				2608B8342587354C0052FC1F /* StringTopic.cpp in Sources */,
				2608B825257E45500052FC1F /* BinarySearchTopic.cpp in Sources */,
				265DEB25256A4D1800DEFE55 /* ListNode.cpp in Sources */,
			);
			runOnlyForDeploymentPostprocessing = 0;
		};
/* End PBXSourcesBuildPhase section */

/* Begin XCBuildConfiguration section */
		2660A87E2568BAED001801C4 /* Debug */ = {
			isa = XCBuildConfiguration;
			buildSettings = {
				ALWAYS_SEARCH_USER_PATHS = NO;
				CLANG_ANALYZER_NONNULL = YES;
				CLANG_ANALYZER_NUMBER_OBJECT_CONVERSION = YES_AGGRESSIVE;
				CLANG_CXX_LANGUAGE_STANDARD = "gnu++14";
				CLANG_CXX_LIBRARY = "libc++";
				CLANG_ENABLE_MODULES = YES;
				CLANG_ENABLE_OBJC_ARC = YES;
				CLANG_ENABLE_OBJC_WEAK = YES;
				CLANG_WARN_BLOCK_CAPTURE_AUTORELEASING = YES;
				CLANG_WARN_BOOL_CONVERSION = YES;
				CLANG_WARN_COMMA = YES;
				CLANG_WARN_CONSTANT_CONVERSION = YES;
				CLANG_WARN_DEPRECATED_OBJC_IMPLEMENTATIONS = YES;
				CLANG_WARN_DIRECT_OBJC_ISA_USAGE = YES_ERROR;
				CLANG_WARN_DOCUMENTATION_COMMENTS = YES;
				CLANG_WARN_EMPTY_BODY = YES;
				CLANG_WARN_ENUM_CONVERSION = YES;
				CLANG_WARN_INFINITE_RECURSION = YES;
				CLANG_WARN_INT_CONVERSION = YES;
				CLANG_WARN_NON_LITERAL_NULL_CONVERSION = YES;
				CLANG_WARN_OBJC_IMPLICIT_RETAIN_SELF = YES;
				CLANG_WARN_OBJC_LITERAL_CONVERSION = YES;
				CLANG_WARN_OBJC_ROOT_CLASS = YES_ERROR;
				CLANG_WARN_RANGE_LOOP_ANALYSIS = YES;
				CLANG_WARN_STRICT_PROTOTYPES = YES;
				CLANG_WARN_SUSPICIOUS_MOVE = YES;
				CLANG_WARN_UNGUARDED_AVAILABILITY = YES_AGGRESSIVE;
				CLANG_WARN_UNREACHABLE_CODE = YES;
				CLANG_WARN__DUPLICATE_METHOD_MATCH = YES;
				COPY_PHASE_STRIP = NO;
				DEBUG_INFORMATION_FORMAT = dwarf;
				ENABLE_STRICT_OBJC_MSGSEND = YES;
				ENABLE_TESTABILITY = YES;
				GCC_C_LANGUAGE_STANDARD = gnu11;
				GCC_DYNAMIC_NO_PIC = NO;
				GCC_NO_COMMON_BLOCKS = YES;
				GCC_OPTIMIZATION_LEVEL = 0;
				GCC_PREPROCESSOR_DEFINITIONS = (
					"DEBUG=1",
					"$(inherited)",
				);
				GCC_WARN_64_TO_32_BIT_CONVERSION = YES;
				GCC_WARN_ABOUT_RETURN_TYPE = YES_ERROR;
				GCC_WARN_UNDECLARED_SELECTOR = YES;
				GCC_WARN_UNINITIALIZED_AUTOS = YES_AGGRESSIVE;
				GCC_WARN_UNUSED_FUNCTION = YES;
				GCC_WARN_UNUSED_VARIABLE = YES;
				MACOSX_DEPLOYMENT_TARGET = 10.15;
				MTL_ENABLE_DEBUG_INFO = INCLUDE_SOURCE;
				MTL_FAST_MATH = YES;
				ONLY_ACTIVE_ARCH = YES;
				SDKROOT = macosx;
			};
			name = Debug;
		};
		2660A87F2568BAED001801C4 /* Release */ = {
			isa = XCBuildConfiguration;
			buildSettings = {
				ALWAYS_SEARCH_USER_PATHS = NO;
				CLANG_ANALYZER_NONNULL = YES;
				CLANG_ANALYZER_NUMBER_OBJECT_CONVERSION = YES_AGGRESSIVE;
				CLANG_CXX_LANGUAGE_STANDARD = "gnu++14";
				CLANG_CXX_LIBRARY = "libc++";
				CLANG_ENABLE_MODULES = YES;
				CLANG_ENABLE_OBJC_ARC = YES;
				CLANG_ENABLE_OBJC_WEAK = YES;
				CLANG_WARN_BLOCK_CAPTURE_AUTORELEASING = YES;
				CLANG_WARN_BOOL_CONVERSION = YES;
				CLANG_WARN_COMMA = YES;
				CLANG_WARN_CONSTANT_CONVERSION = YES;
				CLANG_WARN_DEPRECATED_OBJC_IMPLEMENTATIONS = YES;
				CLANG_WARN_DIRECT_OBJC_ISA_USAGE = YES_ERROR;
				CLANG_WARN_DOCUMENTATION_COMMENTS = YES;
				CLANG_WARN_EMPTY_BODY = YES;
				CLANG_WARN_ENUM_CONVERSION = YES;
				CLANG_WARN_INFINITE_RECURSION = YES;
				CLANG_WARN_INT_CONVERSION = YES;
				CLANG_WARN_NON_LITERAL_NULL_CONVERSION = YES;
				CLANG_WARN_OBJC_IMPLICIT_RETAIN_SELF = YES;
				CLANG_WARN_OBJC_LITERAL_CONVERSION = YES;
				CLANG_WARN_OBJC_ROOT_CLASS = YES_ERROR;
				CLANG_WARN_RANGE_LOOP_ANALYSIS = YES;
				CLANG_WARN_STRICT_PROTOTYPES = YES;
				CLANG_WARN_SUSPICIOUS_MOVE = YES;
				CLANG_WARN_UNGUARDED_AVAILABILITY = YES_AGGRESSIVE;
				CLANG_WARN_UNREACHABLE_CODE = YES;
				CLANG_WARN__DUPLICATE_METHOD_MATCH = YES;
				COPY_PHASE_STRIP = NO;
				DEBUG_INFORMATION_FORMAT = "dwarf-with-dsym";
				ENABLE_NS_ASSERTIONS = NO;
				ENABLE_STRICT_OBJC_MSGSEND = YES;
				GCC_C_LANGUAGE_STANDARD = gnu11;
				GCC_NO_COMMON_BLOCKS = YES;
				GCC_WARN_64_TO_32_BIT_CONVERSION = YES;
				GCC_WARN_ABOUT_RETURN_TYPE = YES_ERROR;
				GCC_WARN_UNDECLARED_SELECTOR = YES;
				GCC_WARN_UNINITIALIZED_AUTOS = YES_AGGRESSIVE;
				GCC_WARN_UNUSED_FUNCTION = YES;
				GCC_WARN_UNUSED_VARIABLE = YES;
				MACOSX_DEPLOYMENT_TARGET = 10.15;
				MTL_ENABLE_DEBUG_INFO = NO;
				MTL_FAST_MATH = YES;
				SDKROOT = macosx;
			};
			name = Release;
		};
		2660A8812568BAED001801C4 /* Debug */ = {
			isa = XCBuildConfiguration;
			buildSettings = {
				CODE_SIGN_STYLE = Automatic;
				DEVELOPMENT_TEAM = AN5SY58HZC;
				ENABLE_HARDENED_RUNTIME = YES;
				GCC_PRECOMPILE_PREFIX_HEADER = YES;
				GCC_PREFIX_HEADER = CSAlgorithmsCpp/PrefixHeader.pch;
				PRODUCT_NAME = "$(TARGET_NAME)";
			};
			name = Debug;
		};
		2660A8822568BAED001801C4 /* Release */ = {
			isa = XCBuildConfiguration;
			buildSettings = {
				CODE_SIGN_STYLE = Automatic;
				DEVELOPMENT_TEAM = AN5SY58HZC;
				ENABLE_HARDENED_RUNTIME = YES;
				GCC_PRECOMPILE_PREFIX_HEADER = YES;
				GCC_PREFIX_HEADER = CSAlgorithmsCpp/PrefixHeader.pch;
				PRODUCT_NAME = "$(TARGET_NAME)";
			};
			name = Release;
		};
/* End XCBuildConfiguration section */

/* Begin XCConfigurationList section */
		2660A8742568BAED001801C4 /* Build configuration list for PBXProject "CSAlgorithmsCpp" */ = {
			isa = XCConfigurationList;
			buildConfigurations = (
				2660A87E2568BAED001801C4 /* Debug */,
				2660A87F2568BAED001801C4 /* Release */,
			);
			defaultConfigurationIsVisible = 0;
			defaultConfigurationName = Release;
		};
		2660A8802568BAED001801C4 /* Build configuration list for PBXNativeTarget "CSAlgorithmsCpp" */ = {
			isa = XCConfigurationList;
			buildConfigurations = (
				2660A8812568BAED001801C4 /* Debug */,
				2660A8822568BAED001801C4 /* Release */,
			);
			defaultConfigurationIsVisible = 0;
			defaultConfigurationName = Release;
		};
/* End XCConfigurationList section */
	};
	rootObject = 2660A8712568BAED001801C4 /* Project object */;
}
