// !$*UTF8*$!
{
	archiveVersion = 1;
	classes = {
	};
	objectVersion = 50;
	objects = {

/* Begin PBXBuildFile section */
		2608B82825860D460052FC1F /* ReuseCellViewController.m in Sources */ = {isa = PBXBuildFile; fileRef = 2608B82725860D460052FC1F /* ReuseCellViewController.m */; };
		2608B82B258620EB0052FC1F /* UIEventRespViewController.m in Sources */ = {isa = PBXBuildFile; fileRef = 2608B82A258620EB0052FC1F /* UIEventRespViewController.m */; };
		2608B82E2586212E0052FC1F /* ViewA.m in Sources */ = {isa = PBXBuildFile; fileRef = 2608B82D2586212E0052FC1F /* ViewA.m */; };
		2608B831258621420052FC1F /* ViewB.m in Sources */ = {isa = PBXBuildFile; fileRef = 2608B830258621420052FC1F /* ViewB.m */; };
		265DEB1E2569FFE800DEFE55 /* MemManagerViewController.m in Sources */ = {isa = PBXBuildFile; fileRef = 265DEB1D2569FFE800DEFE55 /* MemManagerViewController.m */; };
		265DEB22256A19F600DEFE55 /* RunloopViewController.m in Sources */ = {isa = PBXBuildFile; fileRef = 265DEB21256A19F600DEFE55 /* RunloopViewController.m */; };
		265DEB35256DF8D200DEFE55 /* ClassObjectViewController.m in Sources */ = {isa = PBXBuildFile; fileRef = 265DEB34256DF8D200DEFE55 /* ClassObjectViewController.m */; };
		265DEB38256DFDD400DEFE55 /* LGPerson.m in Sources */ = {isa = PBXBuildFile; fileRef = 265DEB37256DFDD400DEFE55 /* LGPerson.m */; };
		2660A8512565717D001801C4 /* BlockViewController.m in Sources */ = {isa = PBXBuildFile; fileRef = 2660A8502565717D001801C4 /* BlockViewController.m */; };
		2660A85625662D16001801C4 /* CopyViewController.m in Sources */ = {isa = PBXBuildFile; fileRef = 2660A85525662D16001801C4 /* CopyViewController.m */; };
		2660A85925675855001801C4 /* TaggedPointerViewController.m in Sources */ = {isa = PBXBuildFile; fileRef = 2660A85825675855001801C4 /* TaggedPointerViewController.m */; };
		268A5BC924639A7F00B0438E /* AppDelegate.m in Sources */ = {isa = PBXBuildFile; fileRef = 268A5BC824639A7F00B0438E /* AppDelegate.m */; };
		268A5BCF24639A7F00B0438E /* ViewController.m in Sources */ = {isa = PBXBuildFile; fileRef = 268A5BCE24639A7F00B0438E /* ViewController.m */; };
		268A5BD224639A7F00B0438E /* Main.storyboard in Resources */ = {isa = PBXBuildFile; fileRef = 268A5BD024639A7F00B0438E /* Main.storyboard */; };
		268A5BD424639A8100B0438E /* Assets.xcassets in Resources */ = {isa = PBXBuildFile; fileRef = 268A5BD324639A8100B0438E /* Assets.xcassets */; };
		268A5BD724639A8100B0438E /* LaunchScreen.storyboard in Resources */ = {isa = PBXBuildFile; fileRef = 268A5BD524639A8100B0438E /* LaunchScreen.storyboard */; };
		268A5BDA24639A8100B0438E /* main.m in Sources */ = {isa = PBXBuildFile; fileRef = 268A5BD924639A8100B0438E /* main.m */; settings = {COMPILER_FLAGS = "-fobjc-arc"; }; };
		268A5BE324639B9A00B0438E /* GCDViewController.m in Sources */ = {isa = PBXBuildFile; fileRef = 268A5BE224639B9A00B0438E /* GCDViewController.m */; };
		269E11762579FC84008D362B /* RuntimeViewController.m in Sources */ = {isa = PBXBuildFile; fileRef = 269E11752579FC84008D362B /* RuntimeViewController.m */; };
		269E117C257B54C9008D362B /* NSMutableArray+SafeMutableArray.m in Sources */ = {isa = PBXBuildFile; fileRef = 269E117B257B54C9008D362B /* NSMutableArray+SafeMutableArray.m */; };
		26AD95A8258ECA2600CCA46C /* LGFather.m in Sources */ = {isa = PBXBuildFile; fileRef = 26AD95A7258ECA2600CCA46C /* LGFather.m */; };
		26AD95AB258EED7A00CCA46C /* LGCat.m in Sources */ = {isa = PBXBuildFile; fileRef = 26AD95AA258EED7A00CCA46C /* LGCat.m */; };
		26AD95AE258F01FA00CCA46C /* LGDog.m in Sources */ = {isa = PBXBuildFile; fileRef = 26AD95AD258F01FA00CCA46C /* LGDog.m */; };
		26AD95B4258F03C200CCA46C /* LGChild.m in Sources */ = {isa = PBXBuildFile; fileRef = 26AD95B3258F03C200CCA46C /* LGChild.m */; };
		26AD95B7258F06D100CCA46C /* LGPig.m in Sources */ = {isa = PBXBuildFile; fileRef = 26AD95B6258F06D100CCA46C /* LGPig.m */; };
		26AD95BA258F515600CCA46C /* LGPatch.m in Sources */ = {isa = PBXBuildFile; fileRef = 26AD95B9258F515600CCA46C /* LGPatch.m */; };
		26AD95BD258F999600CCA46C /* LGExpertInfo.m in Sources */ = {isa = PBXBuildFile; fileRef = 26AD95BC258F999600CCA46C /* LGExpertInfo.m */; };
		26AD95C0258F9A0A00CCA46C /* NSObject+LGBaseModel.m in Sources */ = {isa = PBXBuildFile; fileRef = 26AD95BF258F9A0A00CCA46C /* NSObject+LGBaseModel.m */; };
		26AD95C32590192E00CCA46C /* LGExpertInfo+Additional.m in Sources */ = {isa = PBXBuildFile; fileRef = 26AD95C22590192E00CCA46C /* LGExpertInfo+Additional.m */; };
		26B203FE2590373700C93FE7 /* UIButton+Block.m in Sources */ = {isa = PBXBuildFile; fileRef = 26B203FD2590373700C93FE7 /* UIButton+Block.m */; };
/* End PBXBuildFile section */

/* Begin PBXFileReference section */
		2608B82625860D460052FC1F /* ReuseCellViewController.h */ = {isa = PBXFileReference; lastKnownFileType = sourcecode.c.h; path = ReuseCellViewController.h; sourceTree = "<group>"; };
		2608B82725860D460052FC1F /* ReuseCellViewController.m */ = {isa = PBXFileReference; lastKnownFileType = sourcecode.c.objc; path = ReuseCellViewController.m; sourceTree = "<group>"; };
		2608B829258620EB0052FC1F /* UIEventRespViewController.h */ = {isa = PBXFileReference; lastKnownFileType = sourcecode.c.h; path = UIEventRespViewController.h; sourceTree = "<group>"; };
		2608B82A258620EB0052FC1F /* UIEventRespViewController.m */ = {isa = PBXFileReference; lastKnownFileType = sourcecode.c.objc; path = UIEventRespViewController.m; sourceTree = "<group>"; };
		2608B82C2586212E0052FC1F /* ViewA.h */ = {isa = PBXFileReference; lastKnownFileType = sourcecode.c.h; path = ViewA.h; sourceTree = "<group>"; };
		2608B82D2586212E0052FC1F /* ViewA.m */ = {isa = PBXFileReference; lastKnownFileType = sourcecode.c.objc; path = ViewA.m; sourceTree = "<group>"; };
		2608B82F258621420052FC1F /* ViewB.h */ = {isa = PBXFileReference; lastKnownFileType = sourcecode.c.h; path = ViewB.h; sourceTree = "<group>"; };
		2608B830258621420052FC1F /* ViewB.m */ = {isa = PBXFileReference; lastKnownFileType = sourcecode.c.objc; path = ViewB.m; sourceTree = "<group>"; };
		265DEB1C2569FFE800DEFE55 /* MemManagerViewController.h */ = {isa = PBXFileReference; lastKnownFileType = sourcecode.c.h; path = MemManagerViewController.h; sourceTree = "<group>"; };
		265DEB1D2569FFE800DEFE55 /* MemManagerViewController.m */ = {isa = PBXFileReference; lastKnownFileType = sourcecode.c.objc; path = MemManagerViewController.m; sourceTree = "<group>"; };
		265DEB1F256A08BB00DEFE55 /* PrefixHeader.pch */ = {isa = PBXFileReference; lastKnownFileType = sourcecode.c.h; path = PrefixHeader.pch; sourceTree = "<group>"; };
		265DEB20256A19F600DEFE55 /* RunloopViewController.h */ = {isa = PBXFileReference; lastKnownFileType = sourcecode.c.h; path = RunloopViewController.h; sourceTree = "<group>"; };
		265DEB21256A19F600DEFE55 /* RunloopViewController.m */ = {isa = PBXFileReference; lastKnownFileType = sourcecode.c.objc; path = RunloopViewController.m; sourceTree = "<group>"; };
		265DEB33256DF8D200DEFE55 /* ClassObjectViewController.h */ = {isa = PBXFileReference; lastKnownFileType = sourcecode.c.h; path = ClassObjectViewController.h; sourceTree = "<group>"; };
		265DEB34256DF8D200DEFE55 /* ClassObjectViewController.m */ = {isa = PBXFileReference; lastKnownFileType = sourcecode.c.objc; path = ClassObjectViewController.m; sourceTree = "<group>"; };
		265DEB36256DFDD400DEFE55 /* LGPerson.h */ = {isa = PBXFileReference; lastKnownFileType = sourcecode.c.h; path = LGPerson.h; sourceTree = "<group>"; };
		265DEB37256DFDD400DEFE55 /* LGPerson.m */ = {isa = PBXFileReference; lastKnownFileType = sourcecode.c.objc; path = LGPerson.m; sourceTree = "<group>"; };
		2660A84F2565717D001801C4 /* BlockViewController.h */ = {isa = PBXFileReference; lastKnownFileType = sourcecode.c.h; path = BlockViewController.h; sourceTree = "<group>"; };
		2660A8502565717D001801C4 /* BlockViewController.m */ = {isa = PBXFileReference; lastKnownFileType = sourcecode.c.objc; path = BlockViewController.m; sourceTree = "<group>"; };
		2660A85425662D16001801C4 /* CopyViewController.h */ = {isa = PBXFileReference; lastKnownFileType = sourcecode.c.h; path = CopyViewController.h; sourceTree = "<group>"; };
		2660A85525662D16001801C4 /* CopyViewController.m */ = {isa = PBXFileReference; lastKnownFileType = sourcecode.c.objc; path = CopyViewController.m; sourceTree = "<group>"; };
		2660A85725675855001801C4 /* TaggedPointerViewController.h */ = {isa = PBXFileReference; lastKnownFileType = sourcecode.c.h; path = TaggedPointerViewController.h; sourceTree = "<group>"; };
		2660A85825675855001801C4 /* TaggedPointerViewController.m */ = {isa = PBXFileReference; lastKnownFileType = sourcecode.c.objc; path = TaggedPointerViewController.m; sourceTree = "<group>"; };
		268A5BC424639A7F00B0438E /* iOSFundamentals.app */ = {isa = PBXFileReference; explicitFileType = wrapper.application; includeInIndex = 0; path = iOSFundamentals.app; sourceTree = BUILT_PRODUCTS_DIR; };
		268A5BC724639A7F00B0438E /* AppDelegate.h */ = {isa = PBXFileReference; lastKnownFileType = sourcecode.c.h; path = AppDelegate.h; sourceTree = "<group>"; };
		268A5BC824639A7F00B0438E /* AppDelegate.m */ = {isa = PBXFileReference; lastKnownFileType = sourcecode.c.objc; path = AppDelegate.m; sourceTree = "<group>"; };
		268A5BCD24639A7F00B0438E /* ViewController.h */ = {isa = PBXFileReference; lastKnownFileType = sourcecode.c.h; path = ViewController.h; sourceTree = "<group>"; };
		268A5BCE24639A7F00B0438E /* ViewController.m */ = {isa = PBXFileReference; lastKnownFileType = sourcecode.c.objc; path = ViewController.m; sourceTree = "<group>"; };
		268A5BD124639A7F00B0438E /* Base */ = {isa = PBXFileReference; lastKnownFileType = file.storyboard; name = Base; path = Base.lproj/Main.storyboard; sourceTree = "<group>"; };
		268A5BD324639A8100B0438E /* Assets.xcassets */ = {isa = PBXFileReference; lastKnownFileType = folder.assetcatalog; path = Assets.xcassets; sourceTree = "<group>"; };
		268A5BD624639A8100B0438E /* Base */ = {isa = PBXFileReference; lastKnownFileType = file.storyboard; name = Base; path = Base.lproj/LaunchScreen.storyboard; sourceTree = "<group>"; };
		268A5BD824639A8100B0438E /* Info.plist */ = {isa = PBXFileReference; lastKnownFileType = text.plist.xml; path = Info.plist; sourceTree = "<group>"; };
		268A5BD924639A8100B0438E /* main.m */ = {isa = PBXFileReference; lastKnownFileType = sourcecode.c.objc; path = main.m; sourceTree = "<group>"; };
		268A5BE124639B9A00B0438E /* GCDViewController.h */ = {isa = PBXFileReference; lastKnownFileType = sourcecode.c.h; path = GCDViewController.h; sourceTree = "<group>"; };
		268A5BE224639B9A00B0438E /* GCDViewController.m */ = {isa = PBXFileReference; lastKnownFileType = sourcecode.c.objc; path = GCDViewController.m; sourceTree = "<group>"; };
		269E11742579FC84008D362B /* RuntimeViewController.h */ = {isa = PBXFileReference; lastKnownFileType = sourcecode.c.h; path = RuntimeViewController.h; sourceTree = "<group>"; };
		269E11752579FC84008D362B /* RuntimeViewController.m */ = {isa = PBXFileReference; lastKnownFileType = sourcecode.c.objc; path = RuntimeViewController.m; sourceTree = "<group>"; };
		269E117A257B54C9008D362B /* NSMutableArray+SafeMutableArray.h */ = {isa = PBXFileReference; lastKnownFileType = sourcecode.c.h; path = "NSMutableArray+SafeMutableArray.h"; sourceTree = "<group>"; };
		269E117B257B54C9008D362B /* NSMutableArray+SafeMutableArray.m */ = {isa = PBXFileReference; lastKnownFileType = sourcecode.c.objc; path = "NSMutableArray+SafeMutableArray.m"; sourceTree = "<group>"; };
		26AD95A6258ECA2600CCA46C /* LGFather.h */ = {isa = PBXFileReference; lastKnownFileType = sourcecode.c.h; path = LGFather.h; sourceTree = "<group>"; };
		26AD95A7258ECA2600CCA46C /* LGFather.m */ = {isa = PBXFileReference; lastKnownFileType = sourcecode.c.objc; path = LGFather.m; sourceTree = "<group>"; };
		26AD95A9258EED7A00CCA46C /* LGCat.h */ = {isa = PBXFileReference; lastKnownFileType = sourcecode.c.h; path = LGCat.h; sourceTree = "<group>"; };
		26AD95AA258EED7A00CCA46C /* LGCat.m */ = {isa = PBXFileReference; lastKnownFileType = sourcecode.c.objc; path = LGCat.m; sourceTree = "<group>"; };
		26AD95AC258F01FA00CCA46C /* LGDog.h */ = {isa = PBXFileReference; lastKnownFileType = sourcecode.c.h; path = LGDog.h; sourceTree = "<group>"; };
		26AD95AD258F01FA00CCA46C /* LGDog.m */ = {isa = PBXFileReference; lastKnownFileType = sourcecode.c.objc; path = LGDog.m; sourceTree = "<group>"; };
		26AD95B2258F03C200CCA46C /* LGChild.h */ = {isa = PBXFileReference; lastKnownFileType = sourcecode.c.h; path = LGChild.h; sourceTree = "<group>"; };
		26AD95B3258F03C200CCA46C /* LGChild.m */ = {isa = PBXFileReference; lastKnownFileType = sourcecode.c.objc; path = LGChild.m; sourceTree = "<group>"; };
		26AD95B5258F06D100CCA46C /* LGPig.h */ = {isa = PBXFileReference; lastKnownFileType = sourcecode.c.h; path = LGPig.h; sourceTree = "<group>"; };
		26AD95B6258F06D100CCA46C /* LGPig.m */ = {isa = PBXFileReference; lastKnownFileType = sourcecode.c.objc; path = LGPig.m; sourceTree = "<group>"; };
		26AD95B8258F515600CCA46C /* LGPatch.h */ = {isa = PBXFileReference; lastKnownFileType = sourcecode.c.h; path = LGPatch.h; sourceTree = "<group>"; };
		26AD95B9258F515600CCA46C /* LGPatch.m */ = {isa = PBXFileReference; lastKnownFileType = sourcecode.c.objc; path = LGPatch.m; sourceTree = "<group>"; };
		26AD95BB258F999600CCA46C /* LGExpertInfo.h */ = {isa = PBXFileReference; lastKnownFileType = sourcecode.c.h; path = LGExpertInfo.h; sourceTree = "<group>"; };
		26AD95BC258F999600CCA46C /* LGExpertInfo.m */ = {isa = PBXFileReference; lastKnownFileType = sourcecode.c.objc; path = LGExpertInfo.m; sourceTree = "<group>"; };
		26AD95BE258F9A0A00CCA46C /* NSObject+LGBaseModel.h */ = {isa = PBXFileReference; lastKnownFileType = sourcecode.c.h; path = "NSObject+LGBaseModel.h"; sourceTree = "<group>"; };
		26AD95BF258F9A0A00CCA46C /* NSObject+LGBaseModel.m */ = {isa = PBXFileReference; lastKnownFileType = sourcecode.c.objc; path = "NSObject+LGBaseModel.m"; sourceTree = "<group>"; };
		26AD95C12590192E00CCA46C /* LGExpertInfo+Additional.h */ = {isa = PBXFileReference; lastKnownFileType = sourcecode.c.h; path = "LGExpertInfo+Additional.h"; sourceTree = "<group>"; };
		26AD95C22590192E00CCA46C /* LGExpertInfo+Additional.m */ = {isa = PBXFileReference; lastKnownFileType = sourcecode.c.objc; path = "LGExpertInfo+Additional.m"; sourceTree = "<group>"; };
		26B203FC2590373700C93FE7 /* UIButton+Block.h */ = {isa = PBXFileReference; lastKnownFileType = sourcecode.c.h; path = "UIButton+Block.h"; sourceTree = "<group>"; };
		26B203FD2590373700C93FE7 /* UIButton+Block.m */ = {isa = PBXFileReference; lastKnownFileType = sourcecode.c.objc; path = "UIButton+Block.m"; sourceTree = "<group>"; };
/* End PBXFileReference section */

/* Begin PBXFrameworksBuildPhase section */
		268A5BC124639A7F00B0438E /* Frameworks */ = {
			isa = PBXFrameworksBuildPhase;
			buildActionMask = 2147483647;
			files = (
			);
			runOnlyForDeploymentPostprocessing = 0;
		};
/* End PBXFrameworksBuildPhase section */

/* Begin PBXGroup section */
		268A5BBB24639A7F00B0438E = {
			isa = PBXGroup;
			children = (
				268A5BC624639A7F00B0438E /* iOSFundamentals */,
				268A5BC524639A7F00B0438E /* Products */,
			);
			sourceTree = "<group>";
		};
		268A5BC524639A7F00B0438E /* Products */ = {
			isa = PBXGroup;
			children = (
				268A5BC424639A7F00B0438E /* iOSFundamentals.app */,
			);
			name = Products;
			sourceTree = "<group>";
		};
		268A5BC624639A7F00B0438E /* iOSFundamentals */ = {
			isa = PBXGroup;
			children = (
				268A5BE124639B9A00B0438E /* GCDViewController.h */,
				268A5BE224639B9A00B0438E /* GCDViewController.m */,
				268A5BC724639A7F00B0438E /* AppDelegate.h */,
				268A5BC824639A7F00B0438E /* AppDelegate.m */,
				268A5BCD24639A7F00B0438E /* ViewController.h */,
				268A5BCE24639A7F00B0438E /* ViewController.m */,
				268A5BD024639A7F00B0438E /* Main.storyboard */,
				268A5BD324639A8100B0438E /* Assets.xcassets */,
				268A5BD524639A8100B0438E /* LaunchScreen.storyboard */,
				268A5BD824639A8100B0438E /* Info.plist */,
				268A5BD924639A8100B0438E /* main.m */,
				2660A84F2565717D001801C4 /* BlockViewController.h */,
				2660A8502565717D001801C4 /* BlockViewController.m */,
				2660A85425662D16001801C4 /* CopyViewController.h */,
				2660A85525662D16001801C4 /* CopyViewController.m */,
				2660A85725675855001801C4 /* TaggedPointerViewController.h */,
				2660A85825675855001801C4 /* TaggedPointerViewController.m */,
				265DEB1C2569FFE800DEFE55 /* MemManagerViewController.h */,
				265DEB1D2569FFE800DEFE55 /* MemManagerViewController.m */,
				265DEB1F256A08BB00DEFE55 /* PrefixHeader.pch */,
				265DEB20256A19F600DEFE55 /* RunloopViewController.h */,
				265DEB21256A19F600DEFE55 /* RunloopViewController.m */,
				265DEB33256DF8D200DEFE55 /* ClassObjectViewController.h */,
				265DEB34256DF8D200DEFE55 /* ClassObjectViewController.m */,
				265DEB36256DFDD400DEFE55 /* LGPerson.h */,
				265DEB37256DFDD400DEFE55 /* LGPerson.m */,
				269E11742579FC84008D362B /* RuntimeViewController.h */,
				269E11752579FC84008D362B /* RuntimeViewController.m */,
				269E117A257B54C9008D362B /* NSMutableArray+SafeMutableArray.h */,
				269E117B257B54C9008D362B /* NSMutableArray+SafeMutableArray.m */,
				2608B82625860D460052FC1F /* ReuseCellViewController.h */,
				2608B82725860D460052FC1F /* ReuseCellViewController.m */,
				2608B829258620EB0052FC1F /* UIEventRespViewController.h */,
				2608B82A258620EB0052FC1F /* UIEventRespViewController.m */,
				2608B82C2586212E0052FC1F /* ViewA.h */,
				2608B82D2586212E0052FC1F /* ViewA.m */,
				2608B82F258621420052FC1F /* ViewB.h */,
				2608B830258621420052FC1F /* ViewB.m */,
				26AD95A6258ECA2600CCA46C /* LGFather.h */,
				26AD95A7258ECA2600CCA46C /* LGFather.m */,
				26AD95A9258EED7A00CCA46C /* LGCat.h */,
				26AD95AA258EED7A00CCA46C /* LGCat.m */,
				26AD95AC258F01FA00CCA46C /* LGDog.h */,
				26AD95AD258F01FA00CCA46C /* LGDog.m */,
				26AD95B2258F03C200CCA46C /* LGChild.h */,
				26AD95B3258F03C200CCA46C /* LGChild.m */,
				26AD95B5258F06D100CCA46C /* LGPig.h */,
				26AD95B6258F06D100CCA46C /* LGPig.m */,
				26AD95B8258F515600CCA46C /* LGPatch.h */,
				26AD95B9258F515600CCA46C /* LGPatch.m */,
				26AD95BB258F999600CCA46C /* LGExpertInfo.h */,
				26AD95BC258F999600CCA46C /* LGExpertInfo.m */,
				26AD95BE258F9A0A00CCA46C /* NSObject+LGBaseModel.h */,
				26AD95BF258F9A0A00CCA46C /* NSObject+LGBaseModel.m */,
				26AD95C12590192E00CCA46C /* LGExpertInfo+Additional.h */,
				26AD95C22590192E00CCA46C /* LGExpertInfo+Additional.m */,
				26B203FC2590373700C93FE7 /* UIButton+Block.h */,
				26B203FD2590373700C93FE7 /* UIButton+Block.m */,
			);
			path = iOSFundamentals;
			sourceTree = "<group>";
		};
/* End PBXGroup section */

/* Begin PBXNativeTarget section */
		268A5BC324639A7F00B0438E /* iOSFundamentals */ = {
			isa = PBXNativeTarget;
			buildConfigurationList = 268A5BDD24639A8100B0438E /* Build configuration list for PBXNativeTarget "iOSFundamentals" */;
			buildPhases = (
				268A5BC024639A7F00B0438E /* Sources */,
				268A5BC124639A7F00B0438E /* Frameworks */,
				268A5BC224639A7F00B0438E /* Resources */,
			);
			buildRules = (
			);
			dependencies = (
			);
			name = iOSFundamentals;
			productName = iOSFundamentals;
			productReference = 268A5BC424639A7F00B0438E /* iOSFundamentals.app */;
			productType = "com.apple.product-type.application";
		};
/* End PBXNativeTarget section */

/* Begin PBXProject section */
		268A5BBC24639A7F00B0438E /* Project object */ = {
			isa = PBXProject;
			attributes = {
				LastUpgradeCheck = 1130;
				ORGANIZATIONNAME = "Hui,Li";
				TargetAttributes = {
					268A5BC324639A7F00B0438E = {
						CreatedOnToolsVersion = 11.3.1;
					};
				};
			};
			buildConfigurationList = 268A5BBF24639A7F00B0438E /* Build configuration list for PBXProject "iOSFundamentals" */;
			compatibilityVersion = "Xcode 9.3";
			developmentRegion = en;
			hasScannedForEncodings = 0;
			knownRegions = (
				en,
				Base,
			);
			mainGroup = 268A5BBB24639A7F00B0438E;
			productRefGroup = 268A5BC524639A7F00B0438E /* Products */;
			projectDirPath = "";
			projectRoot = "";
			targets = (
				268A5BC324639A7F00B0438E /* iOSFundamentals */,
			);
		};
/* End PBXProject section */

/* Begin PBXResourcesBuildPhase section */
		268A5BC224639A7F00B0438E /* Resources */ = {
			isa = PBXResourcesBuildPhase;
			buildActionMask = 2147483647;
			files = (
				268A5BD724639A8100B0438E /* LaunchScreen.storyboard in Resources */,
				268A5BD424639A8100B0438E /* Assets.xcassets in Resources */,
				268A5BD224639A7F00B0438E /* Main.storyboard in Resources */,
			);
			runOnlyForDeploymentPostprocessing = 0;
		};
/* End PBXResourcesBuildPhase section */

/* Begin PBXSourcesBuildPhase section */
		268A5BC024639A7F00B0438E /* Sources */ = {
			isa = PBXSourcesBuildPhase;
			buildActionMask = 2147483647;
			files = (
				26AD95BD258F999600CCA46C /* LGExpertInfo.m in Sources */,
				268A5BCF24639A7F00B0438E /* ViewController.m in Sources */,
				26AD95B4258F03C200CCA46C /* LGChild.m in Sources */,
				269E11762579FC84008D362B /* RuntimeViewController.m in Sources */,
				26AD95BA258F515600CCA46C /* LGPatch.m in Sources */,
				268A5BC924639A7F00B0438E /* AppDelegate.m in Sources */,
				268A5BDA24639A8100B0438E /* main.m in Sources */,
				2660A85925675855001801C4 /* TaggedPointerViewController.m in Sources */,
				2608B82825860D460052FC1F /* ReuseCellViewController.m in Sources */,
				26AD95A8258ECA2600CCA46C /* LGFather.m in Sources */,
				26AD95C0258F9A0A00CCA46C /* NSObject+LGBaseModel.m in Sources */,
				2608B831258621420052FC1F /* ViewB.m in Sources */,
				2660A85625662D16001801C4 /* CopyViewController.m in Sources */,
				269E117C257B54C9008D362B /* NSMutableArray+SafeMutableArray.m in Sources */,
				265DEB22256A19F600DEFE55 /* RunloopViewController.m in Sources */,
				26AD95AB258EED7A00CCA46C /* LGCat.m in Sources */,
				2660A8512565717D001801C4 /* BlockViewController.m in Sources */,
				26AD95C32590192E00CCA46C /* LGExpertInfo+Additional.m in Sources */,
				265DEB1E2569FFE800DEFE55 /* MemManagerViewController.m in Sources */,
				26AD95B7258F06D100CCA46C /* LGPig.m in Sources */,
				265DEB35256DF8D200DEFE55 /* ClassObjectViewController.m in Sources */,
				26AD95AE258F01FA00CCA46C /* LGDog.m in Sources */,
				2608B82B258620EB0052FC1F /* UIEventRespViewController.m in Sources */,
				268A5BE324639B9A00B0438E /* GCDViewController.m in Sources */,
				26B203FE2590373700C93FE7 /* UIButton+Block.m in Sources */,
				2608B82E2586212E0052FC1F /* ViewA.m in Sources */,
				265DEB38256DFDD400DEFE55 /* LGPerson.m in Sources */,
			);
			runOnlyForDeploymentPostprocessing = 0;
		};
/* End PBXSourcesBuildPhase section */

/* Begin PBXVariantGroup section */
		268A5BD024639A7F00B0438E /* Main.storyboard */ = {
			isa = PBXVariantGroup;
			children = (
				268A5BD124639A7F00B0438E /* Base */,
			);
			name = Main.storyboard;
			sourceTree = "<group>";
		};
		268A5BD524639A8100B0438E /* LaunchScreen.storyboard */ = {
			isa = PBXVariantGroup;
			children = (
				268A5BD624639A8100B0438E /* Base */,
			);
			name = LaunchScreen.storyboard;
			sourceTree = "<group>";
		};
/* End PBXVariantGroup section */

/* Begin XCBuildConfiguration section */
		268A5BDB24639A8100B0438E /* Debug */ = {
			isa = XCBuildConfiguration;
			buildSettings = {
				ALWAYS_SEARCH_USER_PATHS = NO;
				CLANG_ANALYZER_NONNULL = YES;
				CLANG_ANALYZER_NUMBER_OBJECT_CONVERSION = YES_AGGRESSIVE;
				CLANG_CXX_LANGUAGE_STANDARD = "gnu++14";
				CLANG_CXX_LIBRARY = "libc++";
				CLANG_ENABLE_MODULES = YES;
				CLANG_ENABLE_OBJC_ARC = YES;
				CLANG_ENABLE_OBJC_WEAK = YES;
				CLANG_WARN_BLOCK_CAPTURE_AUTORELEASING = YES;
				CLANG_WARN_BOOL_CONVERSION = YES;
				CLANG_WARN_COMMA = YES;
				CLANG_WARN_CONSTANT_CONVERSION = YES;
				CLANG_WARN_DEPRECATED_OBJC_IMPLEMENTATIONS = YES;
				CLANG_WARN_DIRECT_OBJC_ISA_USAGE = YES_ERROR;
				CLANG_WARN_DOCUMENTATION_COMMENTS = YES;
				CLANG_WARN_EMPTY_BODY = YES;
				CLANG_WARN_ENUM_CONVERSION = YES;
				CLANG_WARN_INFINITE_RECURSION = YES;
				CLANG_WARN_INT_CONVERSION = YES;
				CLANG_WARN_NON_LITERAL_NULL_CONVERSION = YES;
				CLANG_WARN_OBJC_IMPLICIT_RETAIN_SELF = YES;
				CLANG_WARN_OBJC_LITERAL_CONVERSION = YES;
				CLANG_WARN_OBJC_ROOT_CLASS = YES_ERROR;
				CLANG_WARN_RANGE_LOOP_ANALYSIS = YES;
				CLANG_WARN_STRICT_PROTOTYPES = YES;
				CLANG_WARN_SUSPICIOUS_MOVE = YES;
				CLANG_WARN_UNGUARDED_AVAILABILITY = YES_AGGRESSIVE;
				CLANG_WARN_UNREACHABLE_CODE = YES;
				CLANG_WARN__DUPLICATE_METHOD_MATCH = YES;
				COPY_PHASE_STRIP = NO;
				DEBUG_INFORMATION_FORMAT = dwarf;
				ENABLE_STRICT_OBJC_MSGSEND = YES;
				ENABLE_TESTABILITY = YES;
				GCC_C_LANGUAGE_STANDARD = gnu11;
				GCC_DYNAMIC_NO_PIC = NO;
				GCC_NO_COMMON_BLOCKS = YES;
				GCC_OPTIMIZATION_LEVEL = 0;
				GCC_PREPROCESSOR_DEFINITIONS = (
					"DEBUG=1",
					"$(inherited)",
				);
				GCC_WARN_64_TO_32_BIT_CONVERSION = YES;
				GCC_WARN_ABOUT_RETURN_TYPE = YES_ERROR;
				GCC_WARN_UNDECLARED_SELECTOR = YES;
				GCC_WARN_UNINITIALIZED_AUTOS = YES_AGGRESSIVE;
				GCC_WARN_UNUSED_FUNCTION = YES;
				GCC_WARN_UNUSED_VARIABLE = YES;
				IPHONEOS_DEPLOYMENT_TARGET = 13.2;
				MTL_ENABLE_DEBUG_INFO = INCLUDE_SOURCE;
				MTL_FAST_MATH = YES;
				ONLY_ACTIVE_ARCH = YES;
				SDKROOT = iphoneos;
			};
			name = Debug;
		};
		268A5BDC24639A8100B0438E /* Release */ = {
			isa = XCBuildConfiguration;
			buildSettings = {
				ALWAYS_SEARCH_USER_PATHS = NO;
				CLANG_ANALYZER_NONNULL = YES;
				CLANG_ANALYZER_NUMBER_OBJECT_CONVERSION = YES_AGGRESSIVE;
				CLANG_CXX_LANGUAGE_STANDARD = "gnu++14";
				CLANG_CXX_LIBRARY = "libc++";
				CLANG_ENABLE_MODULES = YES;
				CLANG_ENABLE_OBJC_ARC = YES;
				CLANG_ENABLE_OBJC_WEAK = YES;
				CLANG_WARN_BLOCK_CAPTURE_AUTORELEASING = YES;
				CLANG_WARN_BOOL_CONVERSION = YES;
				CLANG_WARN_COMMA = YES;
				CLANG_WARN_CONSTANT_CONVERSION = YES;
				CLANG_WARN_DEPRECATED_OBJC_IMPLEMENTATIONS = YES;
				CLANG_WARN_DIRECT_OBJC_ISA_USAGE = YES_ERROR;
				CLANG_WARN_DOCUMENTATION_COMMENTS = YES;
				CLANG_WARN_EMPTY_BODY = YES;
				CLANG_WARN_ENUM_CONVERSION = YES;
				CLANG_WARN_INFINITE_RECURSION = YES;
				CLANG_WARN_INT_CONVERSION = YES;
				CLANG_WARN_NON_LITERAL_NULL_CONVERSION = YES;
				CLANG_WARN_OBJC_IMPLICIT_RETAIN_SELF = YES;
				CLANG_WARN_OBJC_LITERAL_CONVERSION = YES;
				CLANG_WARN_OBJC_ROOT_CLASS = YES_ERROR;
				CLANG_WARN_RANGE_LOOP_ANALYSIS = YES;
				CLANG_WARN_STRICT_PROTOTYPES = YES;
				CLANG_WARN_SUSPICIOUS_MOVE = YES;
				CLANG_WARN_UNGUARDED_AVAILABILITY = YES_AGGRESSIVE;
				CLANG_WARN_UNREACHABLE_CODE = YES;
				CLANG_WARN__DUPLICATE_METHOD_MATCH = YES;
				COPY_PHASE_STRIP = NO;
				DEBUG_INFORMATION_FORMAT = "dwarf-with-dsym";
				ENABLE_NS_ASSERTIONS = NO;
				ENABLE_STRICT_OBJC_MSGSEND = YES;
				GCC_C_LANGUAGE_STANDARD = gnu11;
				GCC_NO_COMMON_BLOCKS = YES;
				GCC_WARN_64_TO_32_BIT_CONVERSION = YES;
				GCC_WARN_ABOUT_RETURN_TYPE = YES_ERROR;
				GCC_WARN_UNDECLARED_SELECTOR = YES;
				GCC_WARN_UNINITIALIZED_AUTOS = YES_AGGRESSIVE;
				GCC_WARN_UNUSED_FUNCTION = YES;
				GCC_WARN_UNUSED_VARIABLE = YES;
				IPHONEOS_DEPLOYMENT_TARGET = 13.2;
				MTL_ENABLE_DEBUG_INFO = NO;
				MTL_FAST_MATH = YES;
				SDKROOT = iphoneos;
				VALIDATE_PRODUCT = YES;
			};
			name = Release;
		};
		268A5BDE24639A8100B0438E /* Debug */ = {
			isa = XCBuildConfiguration;
			buildSettings = {
				ASSETCATALOG_COMPILER_APPICON_NAME = AppIcon;
				CODE_SIGN_IDENTITY = "iPhone Developer";
				CODE_SIGN_STYLE = Manual;
				DEVELOPMENT_TEAM = GCQM6S64H6;
				GCC_PRECOMPILE_PREFIX_HEADER = YES;
				GCC_PREFIX_HEADER = iOSFundamentals/PrefixHeader.pch;
				INFOPLIST_FILE = iOSFundamentals/Info.plist;
				LD_RUNPATH_SEARCH_PATHS = (
					"$(inherited)",
					"@executable_path/Frameworks",
				);
				PRODUCT_BUNDLE_IDENTIFIER = com.zhangyu.zhangyutv;
				PRODUCT_NAME = "$(TARGET_NAME)";
				PROVISIONING_PROFILE_SPECIFIER = zhangyu_development_20200820;
				TARGETED_DEVICE_FAMILY = 1;
			};
			name = Debug;
		};
		268A5BDF24639A8100B0438E /* Release */ = {
			isa = XCBuildConfiguration;
			buildSettings = {
				ASSETCATALOG_COMPILER_APPICON_NAME = AppIcon;
				CODE_SIGN_IDENTITY = "iPhone Developer";
				CODE_SIGN_STYLE = Manual;
				DEVELOPMENT_TEAM = GCQM6S64H6;
				GCC_PRECOMPILE_PREFIX_HEADER = YES;
				GCC_PREFIX_HEADER = iOSFundamentals/PrefixHeader.pch;
				INFOPLIST_FILE = iOSFundamentals/Info.plist;
				LD_RUNPATH_SEARCH_PATHS = (
					"$(inherited)",
					"@executable_path/Frameworks",
				);
				PRODUCT_BUNDLE_IDENTIFIER = com.zhangyu.zhangyutv;
				PRODUCT_NAME = "$(TARGET_NAME)";
				PROVISIONING_PROFILE_SPECIFIER = zhangyu_development_20200820;
				TARGETED_DEVICE_FAMILY = 1;
			};
			name = Release;
		};
/* End XCBuildConfiguration section */

/* Begin XCConfigurationList section */
		268A5BBF24639A7F00B0438E /* Build configuration list for PBXProject "iOSFundamentals" */ = {
			isa = XCConfigurationList;
			buildConfigurations = (
				268A5BDB24639A8100B0438E /* Debug */,
				268A5BDC24639A8100B0438E /* Release */,
			);
			defaultConfigurationIsVisible = 0;
			defaultConfigurationName = Release;
		};
		268A5BDD24639A8100B0438E /* Build configuration list for PBXNativeTarget "iOSFundamentals" */ = {
			isa = XCConfigurationList;
			buildConfigurations = (
				268A5BDE24639A8100B0438E /* Debug */,
				268A5BDF24639A8100B0438E /* Release */,
			);
			defaultConfigurationIsVisible = 0;
			defaultConfigurationName = Release;
		};
/* End XCConfigurationList section */
	};
	rootObject = 268A5BBC24639A7F00B0438E /* Project object */;
}
